
Microsoft Visual Studio Solution File, Format Version 12.00
# Visual Studio Version 16
VisualStudioVersion = 16.0.30804.86
MinimumVisualStudioVersion = 10.0.40219.1
Project("{FAE04EC0-301F-11D3-BF4B-00C04F79EFBC}") = "F1Statistics", "F1Statistics\F1Statistics.csproj", "{C9A8EF8C-6FCF-48DA-BD96-E106997C352D}"
EndProject
Project("{FAE04EC0-301F-11D3-BF4B-00C04F79EFBC}") = "F1Statistics.Library", "F1Statistics.Library\F1Statistics.Library.csproj", "{966320FD-CEE6-43A3-B44A-26C40FA761B3}"
EndProject
Global
	GlobalSection(SolutionConfigurationPlatforms) = preSolution
		Debug|Any CPU = Debug|Any CPU
		Release|Any CPU = Release|Any CPU
	EndGlobalSection
	GlobalSection(ProjectConfigurationPlatforms) = postSolution
		{C9A8EF8C-6FCF-48DA-BD96-E106997C352D}.Debug|Any CPU.ActiveCfg = Debug|Any CPU
		{C9A8EF8C-6FCF-48DA-BD96-E106997C352D}.Debug|Any CPU.Build.0 = Debug|Any CPU
		{C9A8EF8C-6FCF-48DA-BD96-E106997C352D}.Release|Any CPU.ActiveCfg = Release|Any CPU
		{C9A8EF8C-6FCF-48DA-BD96-E106997C352D}.Release|Any CPU.Build.0 = Release|Any CPU
		{966320FD-CEE6-43A3-B44A-26C40FA761B3}.Debug|Any CPU.ActiveCfg = Debug|Any CPU
		{966320FD-CEE6-43A3-B44A-26C40FA761B3}.Debug|Any CPU.Build.0 = Debug|Any CPU
		{966320FD-CEE6-43A3-B44A-26C40FA761B3}.Release|Any CPU.ActiveCfg = Release|Any CPU
		{966320FD-CEE6-43A3-B44A-26C40FA761B3}.Release|Any CPU.Build.0 = Release|Any CPU
	EndGlobalSection
	GlobalSection(SolutionProperties) = preSolution
		HideSolutionNode = FALSE
	EndGlobalSection
	GlobalSection(ExtensibilityGlobals) = postSolution
		SolutionGuid = {B19A2D6B-1DE9-4C1F-BD88-4018F6A29E24}
	EndGlobalSection
EndGlobal
